
Microsoft Visual Studio Solution File, Format Version 12.00
# Visual Studio Version 16
VisualStudioVersion = 16.0.29728.190
MinimumVisualStudioVersion = 10.0.40219.1
Project("{9A19103F-16F7-4668-BE54-9A1E7A4F7556}") = "TobyMeehan.OAuth", "TobyMeehan.OAuth\TobyMeehan.OAuth.csproj", "{A6E72E43-FD8E-4FAA-8979-7BC0C79DE5A9}"
EndProject
Project("{FAE04EC0-301F-11D3-BF4B-00C04F79EFBC}") = "Tester", "Tester\Tester.csproj", "{8D77FBF5-48F6-440F-9366-0ED80D195182}"
EndProject
Global
	GlobalSection(SolutionConfigurationPlatforms) = preSolution
		Debug|Any CPU = Debug|Any CPU
		Release|Any CPU = Release|Any CPU
	EndGlobalSection
	GlobalSection(ProjectConfigurationPlatforms) = postSolution
		{A6E72E43-FD8E-4FAA-8979-7BC0C79DE5A9}.Debug|Any CPU.ActiveCfg = Debug|Any CPU
		{A6E72E43-FD8E-4FAA-8979-7BC0C79DE5A9}.Debug|Any CPU.Build.0 = Debug|Any CPU
		{A6E72E43-FD8E-4FAA-8979-7BC0C79DE5A9}.Release|Any CPU.ActiveCfg = Release|Any CPU
		{A6E72E43-FD8E-4FAA-8979-7BC0C79DE5A9}.Release|Any CPU.Build.0 = Release|Any CPU
		{8D77FBF5-48F6-440F-9366-0ED80D195182}.Debug|Any CPU.ActiveCfg = Debug|Any CPU
		{8D77FBF5-48F6-440F-9366-0ED80D195182}.Debug|Any CPU.Build.0 = Debug|Any CPU
		{8D77FBF5-48F6-440F-9366-0ED80D195182}.Release|Any CPU.ActiveCfg = Release|Any CPU
		{8D77FBF5-48F6-440F-9366-0ED80D195182}.Release|Any CPU.Build.0 = Release|Any CPU
	EndGlobalSection
	GlobalSection(SolutionProperties) = preSolution
		HideSolutionNode = FALSE
	EndGlobalSection
	GlobalSection(ExtensibilityGlobals) = postSolution
		SolutionGuid = {AFACF534-B8AE-4F57-AA54-1599D396D51D}
	EndGlobalSection
EndGlobal
